
Microsoft Visual Studio Solution File, Format Version 12.00
# Visual Studio Version 17
VisualStudioVersion = 17.6.33829.357
MinimumVisualStudioVersion = 10.0.40219.1
Project("{FAE04EC0-301F-11D3-BF4B-00C04F79EFBC}") = "mordor-api", "mordor-api.csproj", "{14CA656C-A9D7-4FF2-87C0-8287219108C1}"
EndProject
Global
	GlobalSection(SolutionConfigurationPlatforms) = preSolution
		Debug|Any CPU = Debug|Any CPU
		Release|Any CPU = Release|Any CPU
	EndGlobalSection
	GlobalSection(ProjectConfigurationPlatforms) = postSolution
		{14CA656C-A9D7-4FF2-87C0-8287219108C1}.Debug|Any CPU.ActiveCfg = Debug|Any CPU
		{14CA656C-A9D7-4FF2-87C0-8287219108C1}.Debug|Any CPU.Build.0 = Debug|Any CPU
		{14CA656C-A9D7-4FF2-87C0-8287219108C1}.Release|Any CPU.ActiveCfg = Release|Any CPU
		{14CA656C-A9D7-4FF2-87C0-8287219108C1}.Release|Any CPU.Build.0 = Release|Any CPU
	EndGlobalSection
	GlobalSection(SolutionProperties) = preSolution
		HideSolutionNode = FALSE
	EndGlobalSection
	GlobalSection(ExtensibilityGlobals) = postSolution
		SolutionGuid = {943414CE-2C49-443B-B416-1EB49DCC4FC7}
	EndGlobalSection
EndGlobal
